<?xml version="1.0" encoding="utf-8"?>
<Project ToolsVersion="4.0" xmlns="http://schemas.microsoft.com/developer/msbuild/2003">
  <ItemGroup>
    <Filter Include="Header Files">
      <UniqueIdentifier>{93995380-89BD-4b04-88EB-625FBE52EBFB}</UniqueIdentifier>
      <Extensions>h;hh;hpp;hxx;h++;hm;inl;inc;ipp;xsd</Extensions>
    </Filter>
    <Filter Include="Module Files">
      <UniqueIdentifier>{4FC737F1-C7A5-4376-A066-2A32D752A2FF}</UniqueIdentifier>
      <Extensions>cpp;c;cc;cxx;c++;cppm;ixx;def;odl;idl;hpj;bat;asm;asmx</Extensions>
    </Filter>
    <Filter Include="Main">
      <UniqueIdentifier>{c537fa5a-fe3f-42ca-b506-59f28f4bf975}</UniqueIdentifier>
    </Filter>
    <Filter Include="Module Files\window">
      <UniqueIdentifier>{b272a557-944c-498a-98e1-2f419e08a8e4}</UniqueIdentifier>
    </Filter>
    <Filter Include="Module Files\math">
      <UniqueIdentifier>{391987f3-e090-4c64-a5c6-71767771d69c}</UniqueIdentifier>
    </Filter>
  </ItemGroup>
  <ItemGroup>
    <ClCompile Include="..\ksn\modules\test.ixx">
      <Filter>Module Files</Filter>
    </ClCompile>
    <ClCompile Include="main.cpp">
      <Filter>Main</Filter>
    </ClCompile>
    <ClCompile Include="..\ksn\modules\libksn_color.ixx">
      <Filter>Module Files</Filter>
    </ClCompile>
    <ClCompile Include="..\ksn\modules\libksn_crc.ixx">
      <Filter>Module Files</Filter>
    </ClCompile>
    <ClCompile Include="..\ksn\modules\libksn_type_traits.ixx">
      <Filter>Module Files</Filter>
    </ClCompile>
    <ClCompile Include="..\ksn\modules\libksn_unicode.ixx">
      <Filter>Module Files</Filter>
    </ClCompile>
    <ClCompile Include="..\ksn\modules\libksn_time.ixx">
      <Filter>Module Files</Filter>
    </ClCompile>
    <ClCompile Include="..\ksn\modules\libksn_math_common.ixx">
      <Filter>Module Files\math</Filter>
    </ClCompile>
    <ClCompile Include="..\ksn\modules\libksn_math_modular_arithmetic.ixx">
      <Filter>Module Files\math</Filter>
    </ClCompile>
    <ClCompile Include="..\ksn\modules\libksn_math.ixx">
      <Filter>Module Files\math</Filter>
    </ClCompile>
    <ClCompile Include="..\ksn\modules\libksn_multithreading.ixx">
      <Filter>Module Files</Filter>
    </ClCompile>
    <ClCompile Include="..\ksn\modules\libksn_index_pool.ixx">
      <Filter>Module Files</Filter>
    </ClCompile>
    <ClCompile Include="..\ksn\modules\libksn_mdvector.ixx">
      <Filter>Module Files</Filter>
    </ClCompile>
    <ClCompile Include="..\ksn\modules\libksn_math_wilcoxon.ixx">
      <Filter>Module Files\math</Filter>
    </ClCompile>
    <ClCompile Include="..\ksn\modules\libksn_math_long_integer.ixx">
      <Filter>Module Files\math</Filter>
    </ClCompile>
    <ClCompile Include="..\ksn\modules\libksn_math_long_integer_tables.ixx">
      <Filter>Module Files\math</Filter>
    </ClCompile>
    <ClCompile Include="..\ksn\modules\libksn_math_linear_algebra.ixx">
      <Filter>Module Files\math</Filter>
    </ClCompile>
    <ClCompile Include="..\ksn\modules\libksn_debug.ixx">
      <Filter>Module Files</Filter>
    </ClCompile>
    <ClCompile Include="..\ksn\modules\libksn_window.ixx">
      <Filter>Module Files\window</Filter>
    </ClCompile>
    <ClCompile Include="..\ksn\modules\libksn_window_main_class_decl.ixx">
      <Filter>Module Files\window</Filter>
    </ClCompile>
    <ClCompile Include="..\ksn\modules\libksn_window_modules_decl.ixx">
      <Filter>Module Files\window</Filter>
    </ClCompile>
    <ClCompile Include="..\ksn\modules\libksn_window_winapi_impl.ixx">
      <Filter>Module Files\window</Filter>
    </ClCompile>
  </ItemGroup>
  <ItemGroup>
    <ClInclude Include="..\ksn\include\ksn\ksn.hpp">
      <Filter>Header Files</Filter>
    </ClInclude>
    <ClInclude Include="..\ksn\include\ksn\internal\window_defs.hpp">
      <Filter>Header Files</Filter>
    </ClInclude>
  </ItemGroup>
  <ItemGroup>
    <None Include="cpp.hint" />
  </ItemGroup>
</Project>